
Microsoft Visual Studio Solution File, Format Version 11.00
# Visual Studio 2010
Project("{FAE04EC0-301F-11D3-BF4B-00C04F79EFBC}") = "Assembly-CSharp", "Assembly-CSharp.csproj", "{720739a0-41bb-d2a2-eb47-c412ca08da80}"
EndProject
Project("{FAE04EC0-301F-11D3-BF4B-00C04F79EFBC}") = "CFXRRuntime", "CFXRRuntime.csproj", "{7fa26e39-a0b9-d35e-871d-7b7a036def30}"
EndProject
Project("{FAE04EC0-301F-11D3-BF4B-00C04F79EFBC}") = "CFXREditor", "CFXREditor.csproj", "{1e423221-c816-e827-1eb4-5c6ac6ebbcc9}"
EndProject
Global
	GlobalSection(SolutionConfigurationPlatforms) = preSolution
		Debug|Any CPU = Debug|Any CPU
	EndGlobalSection
	GlobalSection(ProjectConfigurationPlatforms) = postSolution
		{720739a0-41bb-d2a2-eb47-c412ca08da80}.Debug|Any CPU.ActiveCfg = Debug|Any CPU
		{720739a0-41bb-d2a2-eb47-c412ca08da80}.Debug|Any CPU.Build.0 = Debug|Any CPU
		{7fa26e39-a0b9-d35e-871d-7b7a036def30}.Debug|Any CPU.ActiveCfg = Debug|Any CPU
		{7fa26e39-a0b9-d35e-871d-7b7a036def30}.Debug|Any CPU.Build.0 = Debug|Any CPU
		{1e423221-c816-e827-1eb4-5c6ac6ebbcc9}.Debug|Any CPU.ActiveCfg = Debug|Any CPU
		{1e423221-c816-e827-1eb4-5c6ac6ebbcc9}.Debug|Any CPU.Build.0 = Debug|Any CPU
	EndGlobalSection
	GlobalSection(SolutionProperties) = preSolution
		HideSolutionNode = FALSE
	EndGlobalSection
EndGlobal
